
Microsoft Visual Studio Solution File, Format Version 12.00
# Visual Studio Version 16
VisualStudioVersion = 16.0.29920.165
MinimumVisualStudioVersion = 10.0.40219.1
Project("{8BC9CEB8-8B4A-11D0-8D11-00A0C91BC942}") = "FilmLibrary", "FilmLibrary.vcxproj", "{DEFA84AD-3D8F-4F12-BAAE-8C8A1E5E60F2}"
EndProject
Global
	GlobalSection(SolutionConfigurationPlatforms) = preSolution
		Debug|x64 = Debug|x64
		Debug|x86 = Debug|x86
		Release|x64 = Release|x64
		Release|x86 = Release|x86
	EndGlobalSection
	GlobalSection(ProjectConfigurationPlatforms) = postSolution
		{DEFA84AD-3D8F-4F12-BAAE-8C8A1E5E60F2}.Debug|x64.ActiveCfg = Debug|x64
		{DEFA84AD-3D8F-4F12-BAAE-8C8A1E5E60F2}.Debug|x64.Build.0 = Debug|x64
		{DEFA84AD-3D8F-4F12-BAAE-8C8A1E5E60F2}.Debug|x86.ActiveCfg = Debug|Win32
		{DEFA84AD-3D8F-4F12-BAAE-8C8A1E5E60F2}.Debug|x86.Build.0 = Debug|Win32
		{DEFA84AD-3D8F-4F12-BAAE-8C8A1E5E60F2}.Release|x64.ActiveCfg = Release|x64
		{DEFA84AD-3D8F-4F12-BAAE-8C8A1E5E60F2}.Release|x64.Build.0 = Release|x64
		{DEFA84AD-3D8F-4F12-BAAE-8C8A1E5E60F2}.Release|x86.ActiveCfg = Release|Win32
		{DEFA84AD-3D8F-4F12-BAAE-8C8A1E5E60F2}.Release|x86.Build.0 = Release|Win32
	EndGlobalSection
	GlobalSection(SolutionProperties) = preSolution
		HideSolutionNode = FALSE
	EndGlobalSection
	GlobalSection(ExtensibilityGlobals) = postSolution
		SolutionGuid = {4DE8BFA5-0164-44BA-A15F-F8DD215B8D07}
	EndGlobalSection
EndGlobal
